version = 1
revision = 1
requires-python = ">=3.11.0, <3.12"

[[package]]
name = "bpy"
version = "4.5.2"
source = { registry = "https://pypi.org/simple" }
dependencies = [
    { name = "cython" },
    { name = "numpy" },
    { name = "requests" },
    { name = "zstandard" },
]
wheels = [
    { url = "https://files.pythonhosted.org/packages/88/4f/3bfcb8bf72754ca8d7f7c64e40429c2561a3e8fd24b41cdf49cc993f53b9/bpy-4.5.2-cp311-cp311-macosx_11_0_arm64.whl", hash = "sha256:5bd8708d5d62a1cbde30ffc4395dde09febcf034a880cbb06f0ae1c95d99054c", size = 220890271 },
    { url = "https://files.pythonhosted.org/packages/6e/15/ff6aecb4dda90328aee3327e49bd2d57c9b1b3eb8ca9b86ca9a666b64146/bpy-4.5.2-cp311-cp311-macosx_11_0_x86_64.whl", hash = "sha256:56515bcfeedf0a0ec9813179ef11bc54701c7389108f9a0a077226b35de5482a", size = 235127666 },
    { url = "https://files.pythonhosted.org/packages/ee/f7/e34428697b79458c0a57c55e8c8f7e868bf922a8ad1de46be767a00ad69b/bpy-4.5.2-cp311-cp311-manylinux_2_28_x86_64.whl", hash = "sha256:536a722cbb4ae6db5770edf8e8a8ccaff2f09c2a7eaf52ecba730e523b6e6bd7", size = 373008129 },
    { url = "https://files.pythonhosted.org/packages/b6/bd/9d8528a1abb0a46baefe81eb3ab4ebb39aca3d5813acbb7c99d401d586c8/bpy-4.5.2-cp311-cp311-win_amd64.whl", hash = "sha256:e22275e42ddc227dd845406bd6605c29ab7ae18b266f068f9aa29e347e9f4671", size = 326586790 },
    { url = "https://files.pythonhosted.org/packages/9e/98/f81dbde272f5a105921feba505cb188ac51ed63bd440e51726b01d444b4f/bpy-4.5.2-cp311-cp311-win_arm64.whl", hash = "sha256:c4e90e1387f5fc2e9e470b2f90cc0f868c23c00cba1a063ac661c41d6a22083b", size = 194073807 },
]

[[package]]
name = "certifi"
version = "2025.8.3"
source = { registry = "https://pypi.org/simple" }
sdist = { url = "https://files.pythonhosted.org/packages/dc/67/960ebe6bf230a96cda2e0abcf73af550ec4f090005363542f0765df162e0/certifi-2025.8.3.tar.gz", hash = "sha256:e564105f78ded564e3ae7c923924435e1daa7463faeab5bb932bc53ffae63407", size = 162386 }
wheels = [
    { url = "https://files.pythonhosted.org/packages/e5/48/1549795ba7742c948d2ad169c1c8cdbae65bc450d6cd753d124b17c8cd32/certifi-2025.8.3-py3-none-any.whl", hash = "sha256:f6c12493cfb1b06ba2ff328595af9350c65d6644968e5d3a2ffd78699af217a5", size = 161216 },
]

[[package]]
name = "charset-normalizer"
version = "3.4.3"
source = { registry = "https://pypi.org/simple" }
sdist = { url = "https://files.pythonhosted.org/packages/83/2d/5fd176ceb9b2fc619e63405525573493ca23441330fcdaee6bef9460e924/charset_normalizer-3.4.3.tar.gz", hash = "sha256:6fce4b8500244f6fcb71465d4a4930d132ba9ab8e71a7859e6a5d59851068d14", size = 122371 }
wheels = [
    { url = "https://files.pythonhosted.org/packages/7f/b5/991245018615474a60965a7c9cd2b4efbaabd16d582a5547c47ee1c7730b/charset_normalizer-3.4.3-cp311-cp311-macosx_10_9_universal2.whl", hash = "sha256:b256ee2e749283ef3ddcff51a675ff43798d92d746d1a6e4631bf8c707d22d0b", size = 204483 },
    { url = "https://files.pythonhosted.org/packages/c7/2a/ae245c41c06299ec18262825c1569c5d3298fc920e4ddf56ab011b417efd/charset_normalizer-3.4.3-cp311-cp311-manylinux2014_aarch64.manylinux_2_17_aarch64.manylinux_2_28_aarch64.whl", hash = "sha256:13faeacfe61784e2559e690fc53fa4c5ae97c6fcedb8eb6fb8d0a15b475d2c64", size = 145520 },
    { url = "https://files.pythonhosted.org/packages/3a/a4/b3b6c76e7a635748c4421d2b92c7b8f90a432f98bda5082049af37ffc8e3/charset_normalizer-3.4.3-cp311-cp311-manylinux2014_ppc64le.manylinux_2_17_ppc64le.manylinux_2_28_ppc64le.whl", hash = "sha256:00237675befef519d9af72169d8604a067d92755e84fe76492fef5441db05b91", size = 158876 },
    { url = "https://files.pythonhosted.org/packages/e2/e6/63bb0e10f90a8243c5def74b5b105b3bbbfb3e7bb753915fe333fb0c11ea/charset_normalizer-3.4.3-cp311-cp311-manylinux2014_s390x.manylinux_2_17_s390x.manylinux_2_28_s390x.whl", hash = "sha256:585f3b2a80fbd26b048a0be90c5aae8f06605d3c92615911c3a2b03a8a3b796f", size = 156083 },
    { url = "https://files.pythonhosted.org/packages/87/df/b7737ff046c974b183ea9aa111b74185ac8c3a326c6262d413bd5a1b8c69/charset_normalizer-3.4.3-cp311-cp311-manylinux2014_x86_64.manylinux_2_17_x86_64.manylinux_2_28_x86_64.whl", hash = "sha256:0e78314bdc32fa80696f72fa16dc61168fda4d6a0c014e0380f9d02f0e5d8a07", size = 150295 },
    { url = "https://files.pythonhosted.org/packages/61/f1/190d9977e0084d3f1dc169acd060d479bbbc71b90bf3e7bf7b9927dec3eb/charset_normalizer-3.4.3-cp311-cp311-musllinux_1_2_aarch64.whl", hash = "sha256:96b2b3d1a83ad55310de8c7b4a2d04d9277d5591f40761274856635acc5fcb30", size = 148379 },
    { url = "https://files.pythonhosted.org/packages/4c/92/27dbe365d34c68cfe0ca76f1edd70e8705d82b378cb54ebbaeabc2e3029d/charset_normalizer-3.4.3-cp311-cp311-musllinux_1_2_ppc64le.whl", hash = "sha256:939578d9d8fd4299220161fdd76e86c6a251987476f5243e8864a7844476ba14", size = 160018 },
    { url = "https://files.pythonhosted.org/packages/99/04/baae2a1ea1893a01635d475b9261c889a18fd48393634b6270827869fa34/charset_normalizer-3.4.3-cp311-cp311-musllinux_1_2_s390x.whl", hash = "sha256:fd10de089bcdcd1be95a2f73dbe6254798ec1bda9f450d5828c96f93e2536b9c", size = 157430 },
    { url = "https://files.pythonhosted.org/packages/2f/36/77da9c6a328c54d17b960c89eccacfab8271fdaaa228305330915b88afa9/charset_normalizer-3.4.3-cp311-cp311-musllinux_1_2_x86_64.whl", hash = "sha256:1e8ac75d72fa3775e0b7cb7e4629cec13b7514d928d15ef8ea06bca03ef01cae", size = 151600 },
    { url = "https://files.pythonhosted.org/packages/64/d4/9eb4ff2c167edbbf08cdd28e19078bf195762e9bd63371689cab5ecd3d0d/charset_normalizer-3.4.3-cp311-cp311-win32.whl", hash = "sha256:6cf8fd4c04756b6b60146d98cd8a77d0cdae0e1ca20329da2ac85eed779b6849", size = 99616 },
    { url = "https://files.pythonhosted.org/packages/f4/9c/996a4a028222e7761a96634d1820de8a744ff4327a00ada9c8942033089b/charset_normalizer-3.4.3-cp311-cp311-win_amd64.whl", hash = "sha256:31a9a6f775f9bcd865d88ee350f0ffb0e25936a7f930ca98995c05abf1faf21c", size = 107108 },
    { url = "https://files.pythonhosted.org/packages/8a/1f/f041989e93b001bc4e44bb1669ccdcf54d3f00e628229a85b08d330615c5/charset_normalizer-3.4.3-py3-none-any.whl", hash = "sha256:ce571ab16d890d23b5c278547ba694193a45011ff86a9162a71307ed9f86759a", size = 53175 },
]

[[package]]
name = "cython"
version = "3.1.3"
source = { registry = "https://pypi.org/simple" }
sdist = { url = "https://files.pythonhosted.org/packages/18/ab/915337fb39ab4f4539a313df38fc69938df3bf14141b90d61dfd5c2919de/cython-3.1.3.tar.gz", hash = "sha256:10ee785e42328924b78f75a74f66a813cb956b4a9bc91c44816d089d5934c089", size = 3186689 }
wheels = [
    { url = "https://files.pythonhosted.org/packages/b5/51/54f5d1bed7b7d003d0584996a030542497aeb05b9241782c217ea71061f5/cython-3.1.3-cp311-cp311-macosx_10_9_x86_64.whl", hash = "sha256:4b3b2f6587b42efdece2d174a2aa4234da4524cc6673f3955c2e62b60c6d11fd", size = 3002973 },
    { url = "https://files.pythonhosted.org/packages/05/07/b4043fed60070ee21b0d9ff3a877d2ecdc79231e55119ce852b79b690306/cython-3.1.3-cp311-cp311-macosx_11_0_arm64.whl", hash = "sha256:963cf640d049fcca1cefd62d1653f859892d6dc8e4d958eb49a5babc491de6a1", size = 2865389 },
    { url = "https://files.pythonhosted.org/packages/b4/e3/67d349b5310a40f281e153e826ca24d9f7ba2997c06800eda781253dccfd/cython-3.1.3-cp311-cp311-manylinux1_i686.manylinux_2_28_i686.manylinux_2_5_i686.whl", hash = "sha256:2ab05d1bf2d5522ecff35d94ca233b77db2300413597c3ca0b6448377fa4bd7c", size = 3410316 },
    { url = "https://files.pythonhosted.org/packages/49/c4/84aae921135174111091547fa726ea5f8bba718cd12b2589a70c2aab8d5c/cython-3.1.3-cp311-cp311-manylinux2014_aarch64.manylinux_2_17_aarch64.manylinux_2_28_aarch64.whl", hash = "sha256:cd517e3be052fb49443585b01f02f46080b3408e32c1108a0fdc4cc25b3c9d30", size = 3189568 },
    { url = "https://files.pythonhosted.org/packages/e2/85/1bf18883f1a1f656ad83a671e54553caedb1ee2f39a3e792a14aa82557a2/cython-3.1.3-cp311-cp311-manylinux2014_x86_64.manylinux_2_17_x86_64.manylinux_2_28_x86_64.whl", hash = "sha256:a48e2180d74e3c528561d85b48f9a939a429537f9ea8aac7fb16180e7bff47e2", size = 3312649 },
    { url = "https://files.pythonhosted.org/packages/68/da/cc1373decc0d14a25f1b434f47de5e27696f3092319aa5e19fcf84157415/cython-3.1.3-cp311-cp311-musllinux_1_2_aarch64.whl", hash = "sha256:e7c9daa90b15f59aa2a0d638ac1b36777a7e80122099952a0295c71190ce14bc", size = 3203821 },
    { url = "https://files.pythonhosted.org/packages/0a/32/e10582d6f7b02ee63607f388dbbd34e329c54559c85961ddc5c655266519/cython-3.1.3-cp311-cp311-musllinux_1_2_i686.whl", hash = "sha256:08ac646ff42781827f23b7a9b61669cdb92055f52724cd8cbe0e1defc56fce2e", size = 3426853 },
    { url = "https://files.pythonhosted.org/packages/e0/da/5b0d1b5a4c7622ec812ad9374c9c6b426d69818f13f51e36f4f25ca01c86/cython-3.1.3-cp311-cp311-musllinux_1_2_x86_64.whl", hash = "sha256:bb0e0e7fceaffa22e4dc9600f7f75998eef5cc6ac5a8c0733b482851ba765ef2", size = 3328872 },
    { url = "https://files.pythonhosted.org/packages/b0/5f/f102f6c8d27338f0baf094754c67f920828a19612053abc903e66f84506f/cython-3.1.3-cp311-cp311-win32.whl", hash = "sha256:42b1c3ebe36a52e2a8e939c0651e9ca5d30b81d03f800bbf0499deb0503ab565", size = 2480850 },
    { url = "https://files.pythonhosted.org/packages/b7/60/415d0f0f7c2e227707baec11c968387d33507d2eb7f26a2950a323c705e5/cython-3.1.3-cp311-cp311-win_amd64.whl", hash = "sha256:34a973844998281951bf54cdd0b6a9946ba03ba94580820738583a00da167d8f", size = 2712560 },
    { url = "https://files.pythonhosted.org/packages/56/c8/46ac27096684f33e27dab749ef43c6b0119c6a0d852971eaefb73256dc4c/cython-3.1.3-py3-none-any.whl", hash = "sha256:d13025b34f72f77bf7f65c1cd628914763e6c285f4deb934314c922b91e6be5a", size = 1225725 },
]

[[package]]
name = "idna"
version = "3.10"
source = { registry = "https://pypi.org/simple" }
sdist = { url = "https://files.pythonhosted.org/packages/f1/70/7703c29685631f5a7590aa73f1f1d3fa9a380e654b86af429e0934a32f7d/idna-3.10.tar.gz", hash = "sha256:12f65c9b470abda6dc35cf8e63cc574b1c52b11df2c86030af0ac09b01b13ea9", size = 190490 }
wheels = [
    { url = "https://files.pythonhosted.org/packages/76/c6/c88e154df9c4e1a2a66ccf0005a88dfb2650c1dffb6f5ce603dfbd452ce3/idna-3.10-py3-none-any.whl", hash = "sha256:946d195a0d259cbba61165e88e65941f16e9b36ea6ddb97f00452bae8b1287d3", size = 70442 },
]

[[package]]
name = "networkx"
version = "3.5"
source = { registry = "https://pypi.org/simple" }
sdist = { url = "https://files.pythonhosted.org/packages/6c/4f/ccdb8ad3a38e583f214547fd2f7ff1fc160c43a75af88e6aec213404b96a/networkx-3.5.tar.gz", hash = "sha256:d4c6f9cf81f52d69230866796b82afbccdec3db7ae4fbd1b65ea750feed50037", size = 2471065 }
wheels = [
    { url = "https://files.pythonhosted.org/packages/eb/8d/776adee7bbf76365fdd7f2552710282c79a4ead5d2a46408c9043a2b70ba/networkx-3.5-py3-none-any.whl", hash = "sha256:0030d386a9a06dee3565298b4a734b68589749a544acbb6c412dc9e2489ec6ec", size = 2034406 },
]

[[package]]
name = "numpy"
version = "1.26.4"
source = { registry = "https://pypi.org/simple" }
sdist = { url = "https://files.pythonhosted.org/packages/65/6e/09db70a523a96d25e115e71cc56a6f9031e7b8cd166c1ac8438307c14058/numpy-1.26.4.tar.gz", hash = "sha256:2a02aba9ed12e4ac4eb3ea9421c420301a0c6460d9830d74a9df87efa4912010", size = 15786129 }
wheels = [
    { url = "https://files.pythonhosted.org/packages/11/57/baae43d14fe163fa0e4c47f307b6b2511ab8d7d30177c491960504252053/numpy-1.26.4-cp311-cp311-macosx_10_9_x86_64.whl", hash = "sha256:4c66707fabe114439db9068ee468c26bbdf909cac0fb58686a42a24de1760c71", size = 20630554 },
    { url = "https://files.pythonhosted.org/packages/1a/2e/151484f49fd03944c4a3ad9c418ed193cfd02724e138ac8a9505d056c582/numpy-1.26.4-cp311-cp311-macosx_11_0_arm64.whl", hash = "sha256:edd8b5fe47dab091176d21bb6de568acdd906d1887a4584a15a9a96a1dca06ef", size = 13997127 },
    { url = "https://files.pythonhosted.org/packages/79/ae/7e5b85136806f9dadf4878bf73cf223fe5c2636818ba3ab1c585d0403164/numpy-1.26.4-cp311-cp311-manylinux_2_17_aarch64.manylinux2014_aarch64.whl", hash = "sha256:7ab55401287bfec946ced39700c053796e7cc0e3acbef09993a9ad2adba6ca6e", size = 14222994 },
    { url = "https://files.pythonhosted.org/packages/3a/d0/edc009c27b406c4f9cbc79274d6e46d634d139075492ad055e3d68445925/numpy-1.26.4-cp311-cp311-manylinux_2_17_x86_64.manylinux2014_x86_64.whl", hash = "sha256:666dbfb6ec68962c033a450943ded891bed2d54e6755e35e5835d63f4f6931d5", size = 18252005 },
    { url = "https://files.pythonhosted.org/packages/09/bf/2b1aaf8f525f2923ff6cfcf134ae5e750e279ac65ebf386c75a0cf6da06a/numpy-1.26.4-cp311-cp311-musllinux_1_1_aarch64.whl", hash = "sha256:96ff0b2ad353d8f990b63294c8986f1ec3cb19d749234014f4e7eb0112ceba5a", size = 13885297 },
    { url = "https://files.pythonhosted.org/packages/df/a0/4e0f14d847cfc2a633a1c8621d00724f3206cfeddeb66d35698c4e2cf3d2/numpy-1.26.4-cp311-cp311-musllinux_1_1_x86_64.whl", hash = "sha256:60dedbb91afcbfdc9bc0b1f3f402804070deed7392c23eb7a7f07fa857868e8a", size = 18093567 },
    { url = "https://files.pythonhosted.org/packages/d2/b7/a734c733286e10a7f1a8ad1ae8c90f2d33bf604a96548e0a4a3a6739b468/numpy-1.26.4-cp311-cp311-win32.whl", hash = "sha256:1af303d6b2210eb850fcf03064d364652b7120803a0b872f5211f5234b399f20", size = 5968812 },
    { url = "https://files.pythonhosted.org/packages/3f/6b/5610004206cf7f8e7ad91c5a85a8c71b2f2f8051a0c0c4d5916b76d6cbb2/numpy-1.26.4-cp311-cp311-win_amd64.whl", hash = "sha256:cd25bcecc4974d09257ffcd1f098ee778f7834c3ad767fe5db785be9a4aa9cb2", size = 15811913 },
]

[[package]]
name = "bpynodearrange"
version = "0.1.0"
source = { editable = "." }
dependencies = [
    { name = "bpy" },
    { name = "networkx" },
]

[package.metadata]
requires-dist = [
    { name = "bpy", specifier = ">=4.2.0" },
    { name = "networkx", specifier = ">=3.4.2" },
]

[package.metadata.requires-dev]
dev = []

[[package]]
name = "requests"
version = "2.32.5"
source = { registry = "https://pypi.org/simple" }
dependencies = [
    { name = "certifi" },
    { name = "charset-normalizer" },
    { name = "idna" },
    { name = "urllib3" },
]
sdist = { url = "https://files.pythonhosted.org/packages/c9/74/b3ff8e6c8446842c3f5c837e9c3dfcfe2018ea6ecef224c710c85ef728f4/requests-2.32.5.tar.gz", hash = "sha256:dbba0bac56e100853db0ea71b82b4dfd5fe2bf6d3754a8893c3af500cec7d7cf", size = 134517 }
wheels = [
    { url = "https://files.pythonhosted.org/packages/1e/db/4254e3eabe8020b458f1a747140d32277ec7a271daf1d235b70dc0b4e6e3/requests-2.32.5-py3-none-any.whl", hash = "sha256:2462f94637a34fd532264295e186976db0f5d453d1cdd31473c85a6a161affb6", size = 64738 },
]

[[package]]
name = "urllib3"
version = "2.5.0"
source = { registry = "https://pypi.org/simple" }
sdist = { url = "https://files.pythonhosted.org/packages/15/22/9ee70a2574a4f4599c47dd506532914ce044817c7752a79b6a51286319bc/urllib3-2.5.0.tar.gz", hash = "sha256:3fc47733c7e419d4bc3f6b3dc2b4f890bb743906a30d56ba4a5bfa4bbff92760", size = 393185 }
wheels = [
    { url = "https://files.pythonhosted.org/packages/a7/c2/fe1e52489ae3122415c51f387e221dd0773709bad6c6cdaa599e8a2c5185/urllib3-2.5.0-py3-none-any.whl", hash = "sha256:e6b01673c0fa6a13e374b50871808eb3bf7046c4b125b216f6bf1cc604cff0dc", size = 129795 },
]

[[package]]
name = "zstandard"
version = "0.24.0"
source = { registry = "https://pypi.org/simple" }
sdist = { url = "https://files.pythonhosted.org/packages/09/1b/c20b2ef1d987627765dcd5bf1dadb8ef6564f00a87972635099bb76b7a05/zstandard-0.24.0.tar.gz", hash = "sha256:fe3198b81c00032326342d973e526803f183f97aa9e9a98e3f897ebafe21178f", size = 905681 }
wheels = [
    { url = "https://files.pythonhosted.org/packages/01/1f/5c72806f76043c0ef9191a2b65281dacdf3b65b0828eb13bb2c987c4fb90/zstandard-0.24.0-cp311-cp311-macosx_10_9_x86_64.whl", hash = "sha256:addfc23e3bd5f4b6787b9ca95b2d09a1a67ad5a3c318daaa783ff90b2d3a366e", size = 795228 },
    { url = "https://files.pythonhosted.org/packages/0b/ba/3059bd5cd834666a789251d14417621b5c61233bd46e7d9023ea8bc1043a/zstandard-0.24.0-cp311-cp311-macosx_11_0_arm64.whl", hash = "sha256:6b005bcee4be9c3984b355336283afe77b2defa76ed6b89332eced7b6fa68b68", size = 640520 },
    { url = "https://files.pythonhosted.org/packages/57/07/f0e632bf783f915c1fdd0bf68614c4764cae9dd46ba32cbae4dd659592c3/zstandard-0.24.0-cp311-cp311-manylinux2010_i686.manylinux2014_i686.manylinux_2_12_i686.manylinux_2_17_i686.whl", hash = "sha256:3f96a9130171e01dbb6c3d4d9925d604e2131a97f540e223b88ba45daf56d6fb", size = 5347682 },
    { url = "https://files.pythonhosted.org/packages/a6/4c/63523169fe84773a7462cd090b0989cb7c7a7f2a8b0a5fbf00009ba7d74d/zstandard-0.24.0-cp311-cp311-manylinux2014_aarch64.manylinux_2_17_aarch64.whl", hash = "sha256:cd0d3d16e63873253bad22b413ec679cf6586e51b5772eb10733899832efec42", size = 5057650 },
    { url = "https://files.pythonhosted.org/packages/c6/16/49013f7ef80293f5cebf4c4229535a9f4c9416bbfd238560edc579815dbe/zstandard-0.24.0-cp311-cp311-manylinux2014_ppc64le.manylinux_2_17_ppc64le.whl", hash = "sha256:b7a8c30d9bf4bd5e4dcfe26900bef0fcd9749acde45cdf0b3c89e2052fda9a13", size = 5404893 },
    { url = "https://files.pythonhosted.org/packages/4d/38/78e8bcb5fc32a63b055f2b99e0be49b506f2351d0180173674f516cf8a7a/zstandard-0.24.0-cp311-cp311-manylinux2014_s390x.manylinux_2_17_s390x.whl", hash = "sha256:52cd7d9fa0a115c9446abb79b06a47171b7d916c35c10e0c3aa6f01d57561382", size = 5452389 },
    { url = "https://files.pythonhosted.org/packages/55/8a/81671f05619edbacd49bd84ce6899a09fc8299be20c09ae92f6618ccb92d/zstandard-0.24.0-cp311-cp311-manylinux2014_x86_64.manylinux_2_17_x86_64.whl", hash = "sha256:a0f6fc2ea6e07e20df48752e7700e02e1892c61f9a6bfbacaf2c5b24d5ad504b", size = 5558888 },
    { url = "https://files.pythonhosted.org/packages/49/cc/e83feb2d7d22d1f88434defbaeb6e5e91f42a4f607b5d4d2d58912b69d67/zstandard-0.24.0-cp311-cp311-musllinux_1_1_aarch64.whl", hash = "sha256:e46eb6702691b24ddb3e31e88b4a499e31506991db3d3724a85bd1c5fc3cfe4e", size = 5048038 },
    { url = "https://files.pythonhosted.org/packages/08/c3/7a5c57ff49ef8943877f85c23368c104c2aea510abb339a2dc31ad0a27c3/zstandard-0.24.0-cp311-cp311-musllinux_1_1_x86_64.whl", hash = "sha256:d5e3b9310fd7f0d12edc75532cd9a56da6293840c84da90070d692e0bb15f186", size = 5573833 },
    { url = "https://files.pythonhosted.org/packages/f9/00/64519983cd92535ba4bdd4ac26ac52db00040a52d6c4efb8d1764abcc343/zstandard-0.24.0-cp311-cp311-musllinux_1_2_aarch64.whl", hash = "sha256:76cdfe7f920738ea871f035568f82bad3328cbc8d98f1f6988264096b5264efd", size = 4961072 },
    { url = "https://files.pythonhosted.org/packages/72/ab/3a08a43067387d22994fc87c3113636aa34ccd2914a4d2d188ce365c5d85/zstandard-0.24.0-cp311-cp311-musllinux_1_2_i686.whl", hash = "sha256:3f2fe35ec84908dddf0fbf66b35d7c2878dbe349552dd52e005c755d3493d61c", size = 5268462 },
    { url = "https://files.pythonhosted.org/packages/49/cf/2abb3a1ad85aebe18c53e7eca73223f1546ddfa3bf4d2fb83fc5a064c5ca/zstandard-0.24.0-cp311-cp311-musllinux_1_2_ppc64le.whl", hash = "sha256:aa705beb74ab116563f4ce784fa94771f230c05d09ab5de9c397793e725bb1db", size = 5443319 },
    { url = "https://files.pythonhosted.org/packages/40/42/0dd59fc2f68f1664cda11c3b26abdf987f4e57cb6b6b0f329520cd074552/zstandard-0.24.0-cp311-cp311-musllinux_1_2_s390x.whl", hash = "sha256:aadf32c389bb7f02b8ec5c243c38302b92c006da565e120dfcb7bf0378f4f848", size = 5822355 },
    { url = "https://files.pythonhosted.org/packages/99/c0/ea4e640fd4f7d58d6f87a1e7aca11fb886ac24db277fbbb879336c912f63/zstandard-0.24.0-cp311-cp311-musllinux_1_2_x86_64.whl", hash = "sha256:e40cd0fc734aa1d4bd0e7ad102fd2a1aefa50ce9ef570005ffc2273c5442ddc3", size = 5365257 },
    { url = "https://files.pythonhosted.org/packages/27/a9/92da42a5c4e7e4003271f2e1f0efd1f37cfd565d763ad3604e9597980a1c/zstandard-0.24.0-cp311-cp311-win32.whl", hash = "sha256:cda61c46343809ecda43dc620d1333dd7433a25d0a252f2dcc7667f6331c7b61", size = 435559 },
    { url = "https://files.pythonhosted.org/packages/e2/8e/2c8e5c681ae4937c007938f954a060fa7c74f36273b289cabdb5ef0e9a7e/zstandard-0.24.0-cp311-cp311-win_amd64.whl", hash = "sha256:3b95fc06489aa9388400d1aab01a83652bc040c9c087bd732eb214909d7fb0dd", size = 505070 },
    { url = "https://files.pythonhosted.org/packages/52/10/a2f27a66bec75e236b575c9f7b0d7d37004a03aa2dcde8e2decbe9ed7b4d/zstandard-0.24.0-cp311-cp311-win_arm64.whl", hash = "sha256:ad9fd176ff6800a0cf52bcf59c71e5de4fa25bf3ba62b58800e0f84885344d34", size = 461507 },
]
